// !$*UTF8*$!
{
	archiveVersion = 1;
	classes = {
	};
	objectVersion = 50;
	objects = {

/* Begin PBXBuildFile section */
		23130D14263823CD003BEDCB /* TrendeyeTests.swift in Sources */ = {isa = PBXBuildFile; fileRef = 23130D13263823CD003BEDCB /* TrendeyeTests.swift */; };
		23131AD2261FC5EC00FFF2B3 /* CameraButton.swift in Sources */ = {isa = PBXBuildFile; fileRef = 23131AD1261FC5EC00FFF2B3 /* CameraButton.swift */; };
		23131AD7261FE66400FFF2B3 /* UIView+Ext.swift in Sources */ = {isa = PBXBuildFile; fileRef = 23131AD6261FE66400FFF2B3 /* UIView+Ext.swift */; };
		23131ADB2621504A00FFF2B3 /* ConfirmationViewController.swift in Sources */ = {isa = PBXBuildFile; fileRef = 23131ADA2621504A00FFF2B3 /* ConfirmationViewController.swift */; };
		23131ADF2621563500FFF2B3 /* ConfirmationControlsView.swift in Sources */ = {isa = PBXBuildFile; fileRef = 23131ADE2621563500FFF2B3 /* ConfirmationControlsView.swift */; };
		23131AE22621586C00FFF2B3 /* ConfirmationButton.swift in Sources */ = {isa = PBXBuildFile; fileRef = 23131AE12621586C00FFF2B3 /* ConfirmationButton.swift */; };
		23131AF526219D6A00FFF2B3 /* ClassificationViewController.swift in Sources */ = {isa = PBXBuildFile; fileRef = 23131AF426219D6A00FFF2B3 /* ClassificationViewController.swift */; };
		23131AF926219DAC00FFF2B3 /* ClassificationResultCell.swift in Sources */ = {isa = PBXBuildFile; fileRef = 23131AF826219DAC00FFF2B3 /* ClassificationResultCell.swift */; };
		23131AFE2622E38400FFF2B3 /* CategoryViewController.swift in Sources */ = {isa = PBXBuildFile; fileRef = 23131AFD2622E38400FFF2B3 /* CategoryViewController.swift */; };
		23131B072622F67600FFF2B3 /* K.swift in Sources */ = {isa = PBXBuildFile; fileRef = 23131B062622F67600FFF2B3 /* K.swift */; };
		23131B0B2623863200FFF2B3 /* ClassificationTableHeaderView.swift in Sources */ = {isa = PBXBuildFile; fileRef = 23131B0A2623863200FFF2B3 /* ClassificationTableHeaderView.swift */; };
		232AA37D2627F79000E5E8A1 /* TEFontManager.swift in Sources */ = {isa = PBXBuildFile; fileRef = 232AA37C2627F79000E5E8A1 /* TEFontManager.swift */; };
		232AA3852628091C00E5E8A1 /* Satoshi-Light.otf in Resources */ = {isa = PBXBuildFile; fileRef = 232AA3802628091C00E5E8A1 /* Satoshi-Light.otf */; };
		232AA3862628091C00E5E8A1 /* Satoshi-Black.otf in Resources */ = {isa = PBXBuildFile; fileRef = 232AA3812628091C00E5E8A1 /* Satoshi-Black.otf */; };
		232AA3872628091C00E5E8A1 /* Satoshi-Bold.otf in Resources */ = {isa = PBXBuildFile; fileRef = 232AA3822628091C00E5E8A1 /* Satoshi-Bold.otf */; };
		232AA3882628091C00E5E8A1 /* Satoshi-Medium.otf in Resources */ = {isa = PBXBuildFile; fileRef = 232AA3832628091C00E5E8A1 /* Satoshi-Medium.otf */; };
		232AA3892628091C00E5E8A1 /* Satoshi-Regular.otf in Resources */ = {isa = PBXBuildFile; fileRef = 232AA3842628091C00E5E8A1 /* Satoshi-Regular.otf */; };
		232AA38C2628098800E5E8A1 /* Fontshare EULA.txt in Resources */ = {isa = PBXBuildFile; fileRef = 232AA38B2628098800E5E8A1 /* Fontshare EULA.txt */; };
		232AA3912628FF9A00E5E8A1 /* ClassificationTableFooterView.swift in Sources */ = {isa = PBXBuildFile; fileRef = 232AA3902628FF9A00E5E8A1 /* ClassificationTableFooterView.swift */; };
		232AA39526298B0D00E5E8A1 /* PhotoEnlargeButton.swift in Sources */ = {isa = PBXBuildFile; fileRef = 232AA39426298B0D00E5E8A1 /* PhotoEnlargeButton.swift */; };
		234C91E52637CC7500B3A89E /* ContentErrorView.swift in Sources */ = {isa = PBXBuildFile; fileRef = 234C91E42637CC7500B3A89E /* ContentErrorView.swift */; };
		234C91E72637D08400B3A89E /* AppLogoView.swift in Sources */ = {isa = PBXBuildFile; fileRef = 234C91E62637D08400B3A89E /* AppLogoView.swift */; };
		2371729926327B4400D29B50 /* CGFloat+Ext.swift in Sources */ = {isa = PBXBuildFile; fileRef = 2371729826327B4400D29B50 /* CGFloat+Ext.swift */; };
		2371729C26327B5D00D29B50 /* CGSize+Ext.swift in Sources */ = {isa = PBXBuildFile; fileRef = 2371729B26327B5D00D29B50 /* CGSize+Ext.swift */; };
		237172A52633C91D00D29B50 /* UIViewController+Ext.swift in Sources */ = {isa = PBXBuildFile; fileRef = 237172A42633C91D00D29B50 /* UIViewController+Ext.swift */; };
		237172A82633F21500D29B50 /* UIImage+Ext.swift in Sources */ = {isa = PBXBuildFile; fileRef = 237172A72633F21500D29B50 /* UIImage+Ext.swift */; };
		23A009D6261FBD5C007A091D /* CameraViewController.swift in Sources */ = {isa = PBXBuildFile; fileRef = 23A009D5261FBD5C007A091D /* CameraViewController.swift */; };
		23A009DA261FC03B007A091D /* CameraControlsView.swift in Sources */ = {isa = PBXBuildFile; fileRef = 23A009D9261FC03B007A091D /* CameraControlsView.swift */; };
		23AAC191262AA7A700744651 /* CategoryCollectionView.swift in Sources */ = {isa = PBXBuildFile; fileRef = 23AAC190262AA7A700744651 /* CategoryCollectionView.swift */; };
		23AAC195262ABEBA00744651 /* CategoryImageCell.swift in Sources */ = {isa = PBXBuildFile; fileRef = 23AAC194262ABEBA00744651 /* CategoryImageCell.swift */; };
		23AAC199262AC18600744651 /* TENetworkManager.swift in Sources */ = {isa = PBXBuildFile; fileRef = 23AAC198262AC18600744651 /* TENetworkManager.swift */; };
		23AAC19D262ACB6800744651 /* TENetworkModels.swift in Sources */ = {isa = PBXBuildFile; fileRef = 23AAC19C262ACB6800744651 /* TENetworkModels.swift */; };
		23AAC1A1262D00A700744651 /* TECacheManager.swift in Sources */ = {isa = PBXBuildFile; fileRef = 23AAC1A0262D00A700744651 /* TECacheManager.swift */; };
		23AAC1AA262E9BC800744651 /* TENetworkError.swift in Sources */ = {isa = PBXBuildFile; fileRef = 23AAC1A9262E9BC800744651 /* TENetworkError.swift */; };
		23AAC1FF2630C86800744651 /* CategoryCollectionHeaderView.swift in Sources */ = {isa = PBXBuildFile; fileRef = 23AAC1FE2630C86800744651 /* CategoryCollectionHeaderView.swift */; };
		23AAC2022630F41500744651 /* FullScreenImageView.swift in Sources */ = {isa = PBXBuildFile; fileRef = 23AAC2012630F41500744651 /* FullScreenImageView.swift */; };
		23CEC9C3263A54C2009114B3 /* StretchyTableHeaderView.swift in Sources */ = {isa = PBXBuildFile; fileRef = 23CEC9C2263A54C2009114B3 /* StretchyTableHeaderView.swift */; };
		23CEC9C5263A5505009114B3 /* CameraErrorView.swift in Sources */ = {isa = PBXBuildFile; fileRef = 23CEC9C4263A5505009114B3 /* CameraErrorView.swift */; };
		23EFD8E9263A6EFB005AB471 /* CameraViewController+Ext.swift in Sources */ = {isa = PBXBuildFile; fileRef = 23EFD8E8263A6EFB005AB471 /* CameraViewController+Ext.swift */; };
		23EFD8EB263B3084005AB471 /* ClassificationTopResultCell.swift in Sources */ = {isa = PBXBuildFile; fileRef = 23EFD8EA263B3084005AB471 /* ClassificationTopResultCell.swift */; };
		23EFD8ED263BD539005AB471 /* UITextView+Ext.swift in Sources */ = {isa = PBXBuildFile; fileRef = 23EFD8EC263BD539005AB471 /* UITextView+Ext.swift */; };
		23EFD8EF263BE241005AB471 /* ClassificationConfidenceButton.swift in Sources */ = {isa = PBXBuildFile; fileRef = 23EFD8EE263BE241005AB471 /* ClassificationConfidenceButton.swift */; };
		23F80A3925E2EE2100241206 /* AppDelegate.swift in Sources */ = {isa = PBXBuildFile; fileRef = 23F80A3825E2EE2100241206 /* AppDelegate.swift */; };
		23F80A3B25E2EE2100241206 /* SceneDelegate.swift in Sources */ = {isa = PBXBuildFile; fileRef = 23F80A3A25E2EE2100241206 /* SceneDelegate.swift */; };
		23F80A4225E2EE2400241206 /* Assets.xcassets in Resources */ = {isa = PBXBuildFile; fileRef = 23F80A4125E2EE2400241206 /* Assets.xcassets */; };
		23F80A4525E2EE2400241206 /* LaunchScreen.storyboard in Resources */ = {isa = PBXBuildFile; fileRef = 23F80A4325E2EE2400241206 /* LaunchScreen.storyboard */; };
		23F80A4F25E2EEA400241206 /* TrendClassifier.mlmodel in Sources */ = {isa = PBXBuildFile; fileRef = 23F80A4E25E2EEA400241206 /* TrendClassifier.mlmodel */; };
		23F80A5625E32F0E00241206 /* TEClassificationManager.swift in Sources */ = {isa = PBXBuildFile; fileRef = 23F80A5525E32F0E00241206 /* TEClassificationManager.swift */; };
/* End PBXBuildFile section */

/* Begin PBXContainerItemProxy section */
		23130D16263823CD003BEDCB /* PBXContainerItemProxy */ = {
			isa = PBXContainerItemProxy;
			containerPortal = 23F80A2D25E2EE2100241206 /* Project object */;
			proxyType = 1;
			remoteGlobalIDString = 23F80A3425E2EE2100241206;
			remoteInfo = Trendeye;
		};
/* End PBXContainerItemProxy section */

/* Begin PBXFileReference section */
		23130D11263823CD003BEDCB /* TrendeyeTests.xctest */ = {isa = PBXFileReference; explicitFileType = wrapper.cfbundle; includeInIndex = 0; path = TrendeyeTests.xctest; sourceTree = BUILT_PRODUCTS_DIR; };
		23130D13263823CD003BEDCB /* TrendeyeTests.swift */ = {isa = PBXFileReference; lastKnownFileType = sourcecode.swift; path = TrendeyeTests.swift; sourceTree = "<group>"; };
		23130D15263823CD003BEDCB /* Info.plist */ = {isa = PBXFileReference; lastKnownFileType = text.plist.xml; path = Info.plist; sourceTree = "<group>"; };
		23131AD1261FC5EC00FFF2B3 /* CameraButton.swift */ = {isa = PBXFileReference; lastKnownFileType = sourcecode.swift; path = CameraButton.swift; sourceTree = "<group>"; };
		23131AD6261FE66400FFF2B3 /* UIView+Ext.swift */ = {isa = PBXFileReference; lastKnownFileType = sourcecode.swift; path = "UIView+Ext.swift"; sourceTree = "<group>"; };
		23131ADA2621504A00FFF2B3 /* ConfirmationViewController.swift */ = {isa = PBXFileReference; lastKnownFileType = sourcecode.swift; path = ConfirmationViewController.swift; sourceTree = "<group>"; };
		23131ADE2621563500FFF2B3 /* ConfirmationControlsView.swift */ = {isa = PBXFileReference; lastKnownFileType = sourcecode.swift; path = ConfirmationControlsView.swift; sourceTree = "<group>"; };
		23131AE12621586C00FFF2B3 /* ConfirmationButton.swift */ = {isa = PBXFileReference; lastKnownFileType = sourcecode.swift; path = ConfirmationButton.swift; sourceTree = "<group>"; };
		23131AF426219D6A00FFF2B3 /* ClassificationViewController.swift */ = {isa = PBXFileReference; lastKnownFileType = sourcecode.swift; path = ClassificationViewController.swift; sourceTree = "<group>"; };
		23131AF826219DAC00FFF2B3 /* ClassificationResultCell.swift */ = {isa = PBXFileReference; lastKnownFileType = sourcecode.swift; path = ClassificationResultCell.swift; sourceTree = "<group>"; };
		23131AFD2622E38400FFF2B3 /* CategoryViewController.swift */ = {isa = PBXFileReference; lastKnownFileType = sourcecode.swift; path = CategoryViewController.swift; sourceTree = "<group>"; };
		23131B062622F67600FFF2B3 /* K.swift */ = {isa = PBXFileReference; lastKnownFileType = sourcecode.swift; path = K.swift; sourceTree = "<group>"; };
		23131B0A2623863200FFF2B3 /* ClassificationTableHeaderView.swift */ = {isa = PBXFileReference; lastKnownFileType = sourcecode.swift; path = ClassificationTableHeaderView.swift; sourceTree = "<group>"; };
		232AA37C2627F79000E5E8A1 /* TEFontManager.swift */ = {isa = PBXFileReference; lastKnownFileType = sourcecode.swift; path = TEFontManager.swift; sourceTree = "<group>"; };
		232AA3802628091C00E5E8A1 /* Satoshi-Light.otf */ = {isa = PBXFileReference; lastKnownFileType = file; path = "Satoshi-Light.otf"; sourceTree = "<group>"; };
		232AA3812628091C00E5E8A1 /* Satoshi-Black.otf */ = {isa = PBXFileReference; lastKnownFileType = file; path = "Satoshi-Black.otf"; sourceTree = "<group>"; };
		232AA3822628091C00E5E8A1 /* Satoshi-Bold.otf */ = {isa = PBXFileReference; lastKnownFileType = file; path = "Satoshi-Bold.otf"; sourceTree = "<group>"; };
		232AA3832628091C00E5E8A1 /* Satoshi-Medium.otf */ = {isa = PBXFileReference; lastKnownFileType = file; path = "Satoshi-Medium.otf"; sourceTree = "<group>"; };
		232AA3842628091C00E5E8A1 /* Satoshi-Regular.otf */ = {isa = PBXFileReference; lastKnownFileType = file; path = "Satoshi-Regular.otf"; sourceTree = "<group>"; };
		232AA38B2628098800E5E8A1 /* Fontshare EULA.txt */ = {isa = PBXFileReference; fileEncoding = 4; lastKnownFileType = text; path = "Fontshare EULA.txt"; sourceTree = "<group>"; };
		232AA3902628FF9A00E5E8A1 /* ClassificationTableFooterView.swift */ = {isa = PBXFileReference; lastKnownFileType = sourcecode.swift; path = ClassificationTableFooterView.swift; sourceTree = "<group>"; };
		232AA39426298B0D00E5E8A1 /* PhotoEnlargeButton.swift */ = {isa = PBXFileReference; lastKnownFileType = sourcecode.swift; path = PhotoEnlargeButton.swift; sourceTree = "<group>"; };
		234C91E42637CC7500B3A89E /* ContentErrorView.swift */ = {isa = PBXFileReference; lastKnownFileType = sourcecode.swift; path = ContentErrorView.swift; sourceTree = "<group>"; };
		234C91E62637D08400B3A89E /* AppLogoView.swift */ = {isa = PBXFileReference; lastKnownFileType = sourcecode.swift; path = AppLogoView.swift; sourceTree = "<group>"; };
		2371729826327B4400D29B50 /* CGFloat+Ext.swift */ = {isa = PBXFileReference; lastKnownFileType = sourcecode.swift; path = "CGFloat+Ext.swift"; sourceTree = "<group>"; };
		2371729B26327B5D00D29B50 /* CGSize+Ext.swift */ = {isa = PBXFileReference; lastKnownFileType = sourcecode.swift; path = "CGSize+Ext.swift"; sourceTree = "<group>"; };
		237172A42633C91D00D29B50 /* UIViewController+Ext.swift */ = {isa = PBXFileReference; lastKnownFileType = sourcecode.swift; path = "UIViewController+Ext.swift"; sourceTree = "<group>"; };
		237172A72633F21500D29B50 /* UIImage+Ext.swift */ = {isa = PBXFileReference; lastKnownFileType = sourcecode.swift; path = "UIImage+Ext.swift"; sourceTree = "<group>"; };
		23A009D5261FBD5C007A091D /* CameraViewController.swift */ = {isa = PBXFileReference; lastKnownFileType = sourcecode.swift; path = CameraViewController.swift; sourceTree = "<group>"; };
		23A009D9261FC03B007A091D /* CameraControlsView.swift */ = {isa = PBXFileReference; lastKnownFileType = sourcecode.swift; path = CameraControlsView.swift; sourceTree = "<group>"; };
		23AAC190262AA7A700744651 /* CategoryCollectionView.swift */ = {isa = PBXFileReference; lastKnownFileType = sourcecode.swift; path = CategoryCollectionView.swift; sourceTree = "<group>"; };
		23AAC194262ABEBA00744651 /* CategoryImageCell.swift */ = {isa = PBXFileReference; lastKnownFileType = sourcecode.swift; path = CategoryImageCell.swift; sourceTree = "<group>"; };
		23AAC198262AC18600744651 /* TENetworkManager.swift */ = {isa = PBXFileReference; lastKnownFileType = sourcecode.swift; path = TENetworkManager.swift; sourceTree = "<group>"; };
		23AAC19C262ACB6800744651 /* TENetworkModels.swift */ = {isa = PBXFileReference; lastKnownFileType = sourcecode.swift; path = TENetworkModels.swift; sourceTree = "<group>"; };
		23AAC1A0262D00A700744651 /* TECacheManager.swift */ = {isa = PBXFileReference; lastKnownFileType = sourcecode.swift; path = TECacheManager.swift; sourceTree = "<group>"; };
		23AAC1A9262E9BC800744651 /* TENetworkError.swift */ = {isa = PBXFileReference; lastKnownFileType = sourcecode.swift; path = TENetworkError.swift; sourceTree = "<group>"; };
		23AAC1FE2630C86800744651 /* CategoryCollectionHeaderView.swift */ = {isa = PBXFileReference; lastKnownFileType = sourcecode.swift; path = CategoryCollectionHeaderView.swift; sourceTree = "<group>"; };
		23AAC2012630F41500744651 /* FullScreenImageView.swift */ = {isa = PBXFileReference; lastKnownFileType = sourcecode.swift; path = FullScreenImageView.swift; sourceTree = "<group>"; };
		23CEC9C2263A54C2009114B3 /* StretchyTableHeaderView.swift */ = {isa = PBXFileReference; lastKnownFileType = sourcecode.swift; path = StretchyTableHeaderView.swift; sourceTree = "<group>"; };
		23CEC9C4263A5505009114B3 /* CameraErrorView.swift */ = {isa = PBXFileReference; lastKnownFileType = sourcecode.swift; path = CameraErrorView.swift; sourceTree = "<group>"; };
		23EFD8E8263A6EFB005AB471 /* CameraViewController+Ext.swift */ = {isa = PBXFileReference; lastKnownFileType = sourcecode.swift; path = "CameraViewController+Ext.swift"; sourceTree = "<group>"; };
		23EFD8EA263B3084005AB471 /* ClassificationTopResultCell.swift */ = {isa = PBXFileReference; lastKnownFileType = sourcecode.swift; path = ClassificationTopResultCell.swift; sourceTree = "<group>"; };
		23EFD8EC263BD539005AB471 /* UITextView+Ext.swift */ = {isa = PBXFileReference; lastKnownFileType = sourcecode.swift; path = "UITextView+Ext.swift"; sourceTree = "<group>"; };
		23EFD8EE263BE241005AB471 /* ClassificationConfidenceButton.swift */ = {isa = PBXFileReference; lastKnownFileType = sourcecode.swift; path = ClassificationConfidenceButton.swift; sourceTree = "<group>"; };
		23F80A3525E2EE2100241206 /* Trendeye.app */ = {isa = PBXFileReference; explicitFileType = wrapper.application; includeInIndex = 0; path = Trendeye.app; sourceTree = BUILT_PRODUCTS_DIR; };
		23F80A3825E2EE2100241206 /* AppDelegate.swift */ = {isa = PBXFileReference; lastKnownFileType = sourcecode.swift; path = AppDelegate.swift; sourceTree = "<group>"; };
		23F80A3A25E2EE2100241206 /* SceneDelegate.swift */ = {isa = PBXFileReference; lastKnownFileType = sourcecode.swift; path = SceneDelegate.swift; sourceTree = "<group>"; };
		23F80A4125E2EE2400241206 /* Assets.xcassets */ = {isa = PBXFileReference; lastKnownFileType = folder.assetcatalog; path = Assets.xcassets; sourceTree = "<group>"; };
		23F80A4425E2EE2400241206 /* Base */ = {isa = PBXFileReference; lastKnownFileType = file.storyboard; name = Base; path = Base.lproj/LaunchScreen.storyboard; sourceTree = "<group>"; };
		23F80A4625E2EE2400241206 /* Info.plist */ = {isa = PBXFileReference; lastKnownFileType = text.plist.xml; path = Info.plist; sourceTree = "<group>"; };
		23F80A4E25E2EEA400241206 /* TrendClassifier.mlmodel */ = {isa = PBXFileReference; lastKnownFileType = file.mlmodel; path = TrendClassifier.mlmodel; sourceTree = "<group>"; };
		23F80A5525E32F0E00241206 /* TEClassificationManager.swift */ = {isa = PBXFileReference; lastKnownFileType = sourcecode.swift; path = TEClassificationManager.swift; sourceTree = "<group>"; };
/* End PBXFileReference section */

/* Begin PBXFrameworksBuildPhase section */
		23130D0E263823CD003BEDCB /* Frameworks */ = {
			isa = PBXFrameworksBuildPhase;
			buildActionMask = 2147483647;
			files = (
			);
			runOnlyForDeploymentPostprocessing = 0;
		};
		23F80A3225E2EE2100241206 /* Frameworks */ = {
			isa = PBXFrameworksBuildPhase;
			buildActionMask = 2147483647;
			files = (
			);
			runOnlyForDeploymentPostprocessing = 0;
		};
/* End PBXFrameworksBuildPhase section */

/* Begin PBXGroup section */
		23130D12263823CD003BEDCB /* TrendeyeTests */ = {
			isa = PBXGroup;
			children = (
				23130D13263823CD003BEDCB /* TrendeyeTests.swift */,
				23130D15263823CD003BEDCB /* Info.plist */,
			);
			path = TrendeyeTests;
			sourceTree = "<group>";
		};
		23131AD0261FC5D600FFF2B3 /* CameraView */ = {
			isa = PBXGroup;
			children = (
				23A009D9261FC03B007A091D /* CameraControlsView.swift */,
				23131AD1261FC5EC00FFF2B3 /* CameraButton.swift */,
			);
			path = CameraView;
			sourceTree = "<group>";
		};
		23131AD5261FE65800FFF2B3 /* Extensions */ = {
			isa = PBXGroup;
			children = (
				23131AD6261FE66400FFF2B3 /* UIView+Ext.swift */,
				2371729826327B4400D29B50 /* CGFloat+Ext.swift */,
				2371729B26327B5D00D29B50 /* CGSize+Ext.swift */,
				237172A42633C91D00D29B50 /* UIViewController+Ext.swift */,
				237172A72633F21500D29B50 /* UIImage+Ext.swift */,
				23EFD8E8263A6EFB005AB471 /* CameraViewController+Ext.swift */,
				23EFD8EC263BD539005AB471 /* UITextView+Ext.swift */,
			);
			path = Extensions;
			sourceTree = "<group>";
		};
		23131ADD262155F700FFF2B3 /* ConfirmationView */ = {
			isa = PBXGroup;
			children = (
				23131ADE2621563500FFF2B3 /* ConfirmationControlsView.swift */,
				23131AE12621586C00FFF2B3 /* ConfirmationButton.swift */,
			);
			path = ConfirmationView;
			sourceTree = "<group>";
		};
		23131AEB26216A4B00FFF2B3 /* LaunchScreen */ = {
			isa = PBXGroup;
			children = (
				23F80A4325E2EE2400241206 /* LaunchScreen.storyboard */,
			);
			path = LaunchScreen;
			sourceTree = "<group>";
		};
		23131AF226218F5100FFF2B3 /* ClassificationView */ = {
			isa = PBXGroup;
			children = (
				23131AF726219D7C00FFF2B3 /* Cells */,
				23131B0A2623863200FFF2B3 /* ClassificationTableHeaderView.swift */,
				232AA3902628FF9A00E5E8A1 /* ClassificationTableFooterView.swift */,
				23EFD8EE263BE241005AB471 /* ClassificationConfidenceButton.swift */,
			);
			path = ClassificationView;
			sourceTree = "<group>";
		};
		23131AF726219D7C00FFF2B3 /* Cells */ = {
			isa = PBXGroup;
			children = (
				23131AF826219DAC00FFF2B3 /* ClassificationResultCell.swift */,
				23EFD8EA263B3084005AB471 /* ClassificationTopResultCell.swift */,
			);
			path = Cells;
			sourceTree = "<group>";
		};
		23131B022622F62300FFF2B3 /* Constants */ = {
			isa = PBXGroup;
			children = (
				23131B062622F67600FFF2B3 /* K.swift */,
			);
			path = Constants;
			sourceTree = "<group>";
		};
		23131B09262385D800FFF2B3 /* CategoryView */ = {
			isa = PBXGroup;
			children = (
				23AAC193262ABE8A00744651 /* Cells */,
				23AAC190262AA7A700744651 /* CategoryCollectionView.swift */,
				23AAC1FE2630C86800744651 /* CategoryCollectionHeaderView.swift */,
			);
			path = CategoryView;
			sourceTree = "<group>";
		};
		232AA36F2627EEA900E5E8A1 /* Fonts */ = {
			isa = PBXGroup;
			children = (
				232AA3702627EECF00E5E8A1 /* Satoshi */,
			);
			path = Fonts;
			sourceTree = "<group>";
		};
		232AA3702627EECF00E5E8A1 /* Satoshi */ = {
			isa = PBXGroup;
			children = (
				232AA3812628091C00E5E8A1 /* Satoshi-Black.otf */,
				232AA3822628091C00E5E8A1 /* Satoshi-Bold.otf */,
				232AA3802628091C00E5E8A1 /* Satoshi-Light.otf */,
				232AA3832628091C00E5E8A1 /* Satoshi-Medium.otf */,
				232AA3842628091C00E5E8A1 /* Satoshi-Regular.otf */,
				232AA38B2628098800E5E8A1 /* Fontshare EULA.txt */,
			);
			path = Satoshi;
			sourceTree = "<group>";
		};
		232AA39926298B2D00E5E8A1 /* Global */ = {
			isa = PBXGroup;
			children = (
				232AA39426298B0D00E5E8A1 /* PhotoEnlargeButton.swift */,
				23AAC2012630F41500744651 /* FullScreenImageView.swift */,
				234C91E42637CC7500B3A89E /* ContentErrorView.swift */,
				234C91E62637D08400B3A89E /* AppLogoView.swift */,
				23CEC9C2263A54C2009114B3 /* StretchyTableHeaderView.swift */,
			);
			path = Global;
			sourceTree = "<group>";
		};
		23AAC193262ABE8A00744651 /* Cells */ = {
			isa = PBXGroup;
			children = (
				23AAC194262ABEBA00744651 /* CategoryImageCell.swift */,
			);
			path = Cells;
			sourceTree = "<group>";
		};
		23AAC19B262ACB1900744651 /* Classifiers */ = {
			isa = PBXGroup;
			children = (
				23F80A4E25E2EEA400241206 /* TrendClassifier.mlmodel */,
			);
			path = Classifiers;
			sourceTree = "<group>";
		};
		23AAC1A8262E9BA200744651 /* Utils */ = {
			isa = PBXGroup;
			children = (
				23AAC1A9262E9BC800744651 /* TENetworkError.swift */,
			);
			path = Utils;
			sourceTree = "<group>";
		};
		23CEC9C1263A5469009114B3 /* Error */ = {
			isa = PBXGroup;
			children = (
				23CEC9C4263A5505009114B3 /* CameraErrorView.swift */,
			);
			path = Error;
			sourceTree = "<group>";
		};
		23F80A2C25E2EE2100241206 = {
			isa = PBXGroup;
			children = (
				23F80A3725E2EE2100241206 /* Trendeye */,
				23130D12263823CD003BEDCB /* TrendeyeTests */,
				23F80A3625E2EE2100241206 /* Products */,
			);
			sourceTree = "<group>";
		};
		23F80A3625E2EE2100241206 /* Products */ = {
			isa = PBXGroup;
			children = (
				23F80A3525E2EE2100241206 /* Trendeye.app */,
				23130D11263823CD003BEDCB /* TrendeyeTests.xctest */,
			);
			name = Products;
			sourceTree = "<group>";
		};
		23F80A3725E2EE2100241206 /* Trendeye */ = {
			isa = PBXGroup;
			children = (
				23AAC1A8262E9BA200744651 /* Utils */,
				23F80A5825E339B400241206 /* Application */,
				23131B022622F62300FFF2B3 /* Constants */,
				23131AD5261FE65800FFF2B3 /* Extensions */,
				23F80A5425E32EBC00241206 /* Managers */,
				23F80A5B25E339F600241206 /* Models */,
				23F80A5925E339C300241206 /* Controllers */,
				23F80A5A25E339D600241206 /* Views */,
				232AA36F2627EEA900E5E8A1 /* Fonts */,
				23F80A4125E2EE2400241206 /* Assets.xcassets */,
				23F80A4625E2EE2400241206 /* Info.plist */,
			);
			path = Trendeye;
			sourceTree = "<group>";
		};
		23F80A5425E32EBC00241206 /* Managers */ = {
			isa = PBXGroup;
			children = (
				23F80A5525E32F0E00241206 /* TEClassificationManager.swift */,
				232AA37C2627F79000E5E8A1 /* TEFontManager.swift */,
				23AAC198262AC18600744651 /* TENetworkManager.swift */,
				23AAC1A0262D00A700744651 /* TECacheManager.swift */,
			);
			path = Managers;
			sourceTree = "<group>";
		};
		23F80A5825E339B400241206 /* Application */ = {
			isa = PBXGroup;
			children = (
				23F80A3825E2EE2100241206 /* AppDelegate.swift */,
				23F80A3A25E2EE2100241206 /* SceneDelegate.swift */,
			);
			path = Application;
			sourceTree = "<group>";
		};
		23F80A5925E339C300241206 /* Controllers */ = {
			isa = PBXGroup;
			children = (
				23A009D5261FBD5C007A091D /* CameraViewController.swift */,
				23131ADA2621504A00FFF2B3 /* ConfirmationViewController.swift */,
				23131AF426219D6A00FFF2B3 /* ClassificationViewController.swift */,
				23131AFD2622E38400FFF2B3 /* CategoryViewController.swift */,
			);
			path = Controllers;
			sourceTree = "<group>";
		};
		23F80A5A25E339D600241206 /* Views */ = {
			isa = PBXGroup;
			children = (
				23CEC9C1263A5469009114B3 /* Error */,
				232AA39926298B2D00E5E8A1 /* Global */,
				23131AEB26216A4B00FFF2B3 /* LaunchScreen */,
				23131B09262385D800FFF2B3 /* CategoryView */,
				23131AF226218F5100FFF2B3 /* ClassificationView */,
				23131ADD262155F700FFF2B3 /* ConfirmationView */,
				23131AD0261FC5D600FFF2B3 /* CameraView */,
			);
			path = Views;
			sourceTree = "<group>";
		};
		23F80A5B25E339F600241206 /* Models */ = {
			isa = PBXGroup;
			children = (
				23AAC19B262ACB1900744651 /* Classifiers */,
				23AAC19C262ACB6800744651 /* TENetworkModels.swift */,
			);
			path = Models;
			sourceTree = "<group>";
		};
/* End PBXGroup section */

/* Begin PBXNativeTarget section */
		23130D10263823CD003BEDCB /* TrendeyeTests */ = {
			isa = PBXNativeTarget;
			buildConfigurationList = 23130D18263823CD003BEDCB /* Build configuration list for PBXNativeTarget "TrendeyeTests" */;
			buildPhases = (
				23130D0D263823CD003BEDCB /* Sources */,
				23130D0E263823CD003BEDCB /* Frameworks */,
				23130D0F263823CD003BEDCB /* Resources */,
			);
			buildRules = (
			);
			dependencies = (
				23130D17263823CD003BEDCB /* PBXTargetDependency */,
			);
			name = TrendeyeTests;
			productName = TrendeyeTests;
			productReference = 23130D11263823CD003BEDCB /* TrendeyeTests.xctest */;
			productType = "com.apple.product-type.bundle.unit-test";
		};
		23F80A3425E2EE2100241206 /* Trendeye */ = {
			isa = PBXNativeTarget;
			buildConfigurationList = 23F80A4925E2EE2400241206 /* Build configuration list for PBXNativeTarget "Trendeye" */;
			buildPhases = (
				23F80A3125E2EE2100241206 /* Sources */,
				23F80A3225E2EE2100241206 /* Frameworks */,
				23F80A3325E2EE2100241206 /* Resources */,
			);
			buildRules = (
			);
			dependencies = (
			);
			name = Trendeye;
			productName = Trendeye;
			productReference = 23F80A3525E2EE2100241206 /* Trendeye.app */;
			productType = "com.apple.product-type.application";
		};
/* End PBXNativeTarget section */

/* Begin PBXProject section */
		23F80A2D25E2EE2100241206 /* Project object */ = {
			isa = PBXProject;
			attributes = {
				LastSwiftUpdateCheck = 1250;
				LastUpgradeCheck = 1240;
				TargetAttributes = {
					23130D10263823CD003BEDCB = {
						CreatedOnToolsVersion = 12.5;
						TestTargetID = 23F80A3425E2EE2100241206;
					};
					23F80A3425E2EE2100241206 = {
						CreatedOnToolsVersion = 12.4;
					};
				};
			};
			buildConfigurationList = 23F80A3025E2EE2100241206 /* Build configuration list for PBXProject "Trendeye" */;
			compatibilityVersion = "Xcode 9.3";
			developmentRegion = en;
			hasScannedForEncodings = 0;
			knownRegions = (
				en,
				Base,
			);
			mainGroup = 23F80A2C25E2EE2100241206;
			productRefGroup = 23F80A3625E2EE2100241206 /* Products */;
			projectDirPath = "";
			projectRoot = "";
			targets = (
				23F80A3425E2EE2100241206 /* Trendeye */,
				23130D10263823CD003BEDCB /* TrendeyeTests */,
			);
		};
/* End PBXProject section */

/* Begin PBXResourcesBuildPhase section */
		23130D0F263823CD003BEDCB /* Resources */ = {
			isa = PBXResourcesBuildPhase;
			buildActionMask = 2147483647;
			files = (
			);
			runOnlyForDeploymentPostprocessing = 0;
		};
		23F80A3325E2EE2100241206 /* Resources */ = {
			isa = PBXResourcesBuildPhase;
			buildActionMask = 2147483647;
			files = (
				23F80A4525E2EE2400241206 /* LaunchScreen.storyboard in Resources */,
				232AA38C2628098800E5E8A1 /* Fontshare EULA.txt in Resources */,
				232AA3862628091C00E5E8A1 /* Satoshi-Black.otf in Resources */,
				232AA3882628091C00E5E8A1 /* Satoshi-Medium.otf in Resources */,
				23F80A4225E2EE2400241206 /* Assets.xcassets in Resources */,
				232AA3872628091C00E5E8A1 /* Satoshi-Bold.otf in Resources */,
				232AA3892628091C00E5E8A1 /* Satoshi-Regular.otf in Resources */,
				232AA3852628091C00E5E8A1 /* Satoshi-Light.otf in Resources */,
			);
			runOnlyForDeploymentPostprocessing = 0;
		};
/* End PBXResourcesBuildPhase section */

/* Begin PBXSourcesBuildPhase section */
		23130D0D263823CD003BEDCB /* Sources */ = {
			isa = PBXSourcesBuildPhase;
			buildActionMask = 2147483647;
			files = (
				23130D14263823CD003BEDCB /* TrendeyeTests.swift in Sources */,
			);
			runOnlyForDeploymentPostprocessing = 0;
		};
		23F80A3125E2EE2100241206 /* Sources */ = {
			isa = PBXSourcesBuildPhase;
			buildActionMask = 2147483647;
			files = (
				23AAC191262AA7A700744651 /* CategoryCollectionView.swift in Sources */,
				23131B0B2623863200FFF2B3 /* ClassificationTableHeaderView.swift in Sources */,
				23131AFE2622E38400FFF2B3 /* CategoryViewController.swift in Sources */,
				237172A52633C91D00D29B50 /* UIViewController+Ext.swift in Sources */,
				23EFD8EB263B3084005AB471 /* ClassificationTopResultCell.swift in Sources */,
				23EFD8ED263BD539005AB471 /* UITextView+Ext.swift in Sources */,
				234C91E72637D08400B3A89E /* AppLogoView.swift in Sources */,
				232AA37D2627F79000E5E8A1 /* TEFontManager.swift in Sources */,
				23131AF526219D6A00FFF2B3 /* ClassificationViewController.swift in Sources */,
				23131AD7261FE66400FFF2B3 /* UIView+Ext.swift in Sources */,
				23AAC1AA262E9BC800744651 /* TENetworkError.swift in Sources */,
				23A009DA261FC03B007A091D /* CameraControlsView.swift in Sources */,
				237172A82633F21500D29B50 /* UIImage+Ext.swift in Sources */,
				2371729C26327B5D00D29B50 /* CGSize+Ext.swift in Sources */,
				23AAC1A1262D00A700744651 /* TECacheManager.swift in Sources */,
				23131AD2261FC5EC00FFF2B3 /* CameraButton.swift in Sources */,
				23131AE22621586C00FFF2B3 /* ConfirmationButton.swift in Sources */,
				232AA39526298B0D00E5E8A1 /* PhotoEnlargeButton.swift in Sources */,
				2371729926327B4400D29B50 /* CGFloat+Ext.swift in Sources */,
				23AAC19D262ACB6800744651 /* TENetworkModels.swift in Sources */,
				23F80A5625E32F0E00241206 /* TEClassificationManager.swift in Sources */,
				23EFD8EF263BE241005AB471 /* ClassificationConfidenceButton.swift in Sources */,
				23AAC195262ABEBA00744651 /* CategoryImageCell.swift in Sources */,
				23131ADF2621563500FFF2B3 /* ConfirmationControlsView.swift in Sources */,
				23EFD8E9263A6EFB005AB471 /* CameraViewController+Ext.swift in Sources */,
				23131AF926219DAC00FFF2B3 /* ClassificationResultCell.swift in Sources */,
				23131ADB2621504A00FFF2B3 /* ConfirmationViewController.swift in Sources */,
				234C91E52637CC7500B3A89E /* ContentErrorView.swift in Sources */,
				23F80A4F25E2EEA400241206 /* TrendClassifier.mlmodel in Sources */,
				232AA3912628FF9A00E5E8A1 /* ClassificationTableFooterView.swift in Sources */,
				23F80A3925E2EE2100241206 /* AppDelegate.swift in Sources */,
				23131B072622F67600FFF2B3 /* K.swift in Sources */,
				23CEC9C3263A54C2009114B3 /* StretchyTableHeaderView.swift in Sources */,
				23AAC2022630F41500744651 /* FullScreenImageView.swift in Sources */,
				23A009D6261FBD5C007A091D /* CameraViewController.swift in Sources */,
				23CEC9C5263A5505009114B3 /* CameraErrorView.swift in Sources */,
				23AAC199262AC18600744651 /* TENetworkManager.swift in Sources */,
				23F80A3B25E2EE2100241206 /* SceneDelegate.swift in Sources */,
				23AAC1FF2630C86800744651 /* CategoryCollectionHeaderView.swift in Sources */,
			);
			runOnlyForDeploymentPostprocessing = 0;
		};
/* End PBXSourcesBuildPhase section */

/* Begin PBXTargetDependency section */
		23130D17263823CD003BEDCB /* PBXTargetDependency */ = {
			isa = PBXTargetDependency;
			target = 23F80A3425E2EE2100241206 /* Trendeye */;
			targetProxy = 23130D16263823CD003BEDCB /* PBXContainerItemProxy */;
		};
/* End PBXTargetDependency section */

/* Begin PBXVariantGroup section */
		23F80A4325E2EE2400241206 /* LaunchScreen.storyboard */ = {
			isa = PBXVariantGroup;
			children = (
				23F80A4425E2EE2400241206 /* Base */,
			);
			name = LaunchScreen.storyboard;
			sourceTree = "<group>";
		};
/* End PBXVariantGroup section */

/* Begin XCBuildConfiguration section */
		23130D19263823CD003BEDCB /* Debug */ = {
			isa = XCBuildConfiguration;
			buildSettings = {
				BUNDLE_LOADER = "$(TEST_HOST)";
				CODE_SIGN_STYLE = Automatic;
				DEVELOPMENT_TEAM = RYK6GDE7V9;
				INFOPLIST_FILE = TrendeyeTests/Info.plist;
				IPHONEOS_DEPLOYMENT_TARGET = 13.0;
				LD_RUNPATH_SEARCH_PATHS = (
					"$(inherited)",
					"@executable_path/Frameworks",
					"@loader_path/Frameworks",
				);
				PRODUCT_BUNDLE_IDENTIFIER = com.notenoughscience.TrendeyeTests;
				PRODUCT_NAME = "$(TARGET_NAME)";
				SWIFT_VERSION = 5.0;
				TARGETED_DEVICE_FAMILY = "1,2";
				TEST_HOST = "$(BUILT_PRODUCTS_DIR)/Trendeye.app/Trendeye";
			};
			name = Debug;
		};
		23130D1A263823CD003BEDCB /* Release */ = {
			isa = XCBuildConfiguration;
			buildSettings = {
				BUNDLE_LOADER = "$(TEST_HOST)";
				CODE_SIGN_STYLE = Automatic;
				DEVELOPMENT_TEAM = RYK6GDE7V9;
				INFOPLIST_FILE = TrendeyeTests/Info.plist;
				IPHONEOS_DEPLOYMENT_TARGET = 13.0;
				LD_RUNPATH_SEARCH_PATHS = (
					"$(inherited)",
					"@executable_path/Frameworks",
					"@loader_path/Frameworks",
				);
				PRODUCT_BUNDLE_IDENTIFIER = com.notenoughscience.TrendeyeTests;
				PRODUCT_NAME = "$(TARGET_NAME)";
				SWIFT_VERSION = 5.0;
				TARGETED_DEVICE_FAMILY = "1,2";
				TEST_HOST = "$(BUILT_PRODUCTS_DIR)/Trendeye.app/Trendeye";
			};
			name = Release;
		};
		23F80A4725E2EE2400241206 /* Debug */ = {
			isa = XCBuildConfiguration;
			buildSettings = {
				ALWAYS_SEARCH_USER_PATHS = NO;
				CLANG_ANALYZER_NONNULL = YES;
				CLANG_ANALYZER_NUMBER_OBJECT_CONVERSION = YES_AGGRESSIVE;
				CLANG_CXX_LANGUAGE_STANDARD = "gnu++14";
				CLANG_CXX_LIBRARY = "libc++";
				CLANG_ENABLE_MODULES = YES;
				CLANG_ENABLE_OBJC_ARC = YES;
				CLANG_ENABLE_OBJC_WEAK = YES;
				CLANG_WARN_BLOCK_CAPTURE_AUTORELEASING = YES;
				CLANG_WARN_BOOL_CONVERSION = YES;
				CLANG_WARN_COMMA = YES;
				CLANG_WARN_CONSTANT_CONVERSION = YES;
				CLANG_WARN_DEPRECATED_OBJC_IMPLEMENTATIONS = YES;
				CLANG_WARN_DIRECT_OBJC_ISA_USAGE = YES_ERROR;
				CLANG_WARN_DOCUMENTATION_COMMENTS = YES;
				CLANG_WARN_EMPTY_BODY = YES;
				CLANG_WARN_ENUM_CONVERSION = YES;
				CLANG_WARN_INFINITE_RECURSION = YES;
				CLANG_WARN_INT_CONVERSION = YES;
				CLANG_WARN_NON_LITERAL_NULL_CONVERSION = YES;
				CLANG_WARN_OBJC_IMPLICIT_RETAIN_SELF = YES;
				CLANG_WARN_OBJC_LITERAL_CONVERSION = YES;
				CLANG_WARN_OBJC_ROOT_CLASS = YES_ERROR;
				CLANG_WARN_QUOTED_INCLUDE_IN_FRAMEWORK_HEADER = YES;
				CLANG_WARN_RANGE_LOOP_ANALYSIS = YES;
				CLANG_WARN_STRICT_PROTOTYPES = YES;
				CLANG_WARN_SUSPICIOUS_MOVE = YES;
				CLANG_WARN_UNGUARDED_AVAILABILITY = YES_AGGRESSIVE;
				CLANG_WARN_UNREACHABLE_CODE = YES;
				CLANG_WARN__DUPLICATE_METHOD_MATCH = YES;
				COPY_PHASE_STRIP = NO;
				DEBUG_INFORMATION_FORMAT = dwarf;
				ENABLE_STRICT_OBJC_MSGSEND = YES;
				ENABLE_TESTABILITY = YES;
				GCC_C_LANGUAGE_STANDARD = gnu11;
				GCC_DYNAMIC_NO_PIC = NO;
				GCC_NO_COMMON_BLOCKS = YES;
				GCC_OPTIMIZATION_LEVEL = 0;
				GCC_PREPROCESSOR_DEFINITIONS = (
					"DEBUG=1",
					"$(inherited)",
				);
				GCC_WARN_64_TO_32_BIT_CONVERSION = YES;
				GCC_WARN_ABOUT_RETURN_TYPE = YES_ERROR;
				GCC_WARN_UNDECLARED_SELECTOR = YES;
				GCC_WARN_UNINITIALIZED_AUTOS = YES_AGGRESSIVE;
				GCC_WARN_UNUSED_FUNCTION = YES;
				GCC_WARN_UNUSED_VARIABLE = YES;
				IPHONEOS_DEPLOYMENT_TARGET = 13.0;
				MTL_ENABLE_DEBUG_INFO = INCLUDE_SOURCE;
				MTL_FAST_MATH = YES;
				ONLY_ACTIVE_ARCH = YES;
				SDKROOT = iphoneos;
				SWIFT_ACTIVE_COMPILATION_CONDITIONS = DEBUG;
				SWIFT_OPTIMIZATION_LEVEL = "-Onone";
			};
			name = Debug;
		};
		23F80A4825E2EE2400241206 /* Release */ = {
			isa = XCBuildConfiguration;
			buildSettings = {
				ALWAYS_SEARCH_USER_PATHS = NO;
				CLANG_ANALYZER_NONNULL = YES;
				CLANG_ANALYZER_NUMBER_OBJECT_CONVERSION = YES_AGGRESSIVE;
				CLANG_CXX_LANGUAGE_STANDARD = "gnu++14";
				CLANG_CXX_LIBRARY = "libc++";
				CLANG_ENABLE_MODULES = YES;
				CLANG_ENABLE_OBJC_ARC = YES;
				CLANG_ENABLE_OBJC_WEAK = YES;
				CLANG_WARN_BLOCK_CAPTURE_AUTORELEASING = YES;
				CLANG_WARN_BOOL_CONVERSION = YES;
				CLANG_WARN_COMMA = YES;
				CLANG_WARN_CONSTANT_CONVERSION = YES;
				CLANG_WARN_DEPRECATED_OBJC_IMPLEMENTATIONS = YES;
				CLANG_WARN_DIRECT_OBJC_ISA_USAGE = YES_ERROR;
				CLANG_WARN_DOCUMENTATION_COMMENTS = YES;
				CLANG_WARN_EMPTY_BODY = YES;
				CLANG_WARN_ENUM_CONVERSION = YES;
				CLANG_WARN_INFINITE_RECURSION = YES;
				CLANG_WARN_INT_CONVERSION = YES;
				CLANG_WARN_NON_LITERAL_NULL_CONVERSION = YES;
				CLANG_WARN_OBJC_IMPLICIT_RETAIN_SELF = YES;
				CLANG_WARN_OBJC_LITERAL_CONVERSION = YES;
				CLANG_WARN_OBJC_ROOT_CLASS = YES_ERROR;
				CLANG_WARN_QUOTED_INCLUDE_IN_FRAMEWORK_HEADER = YES;
				CLANG_WARN_RANGE_LOOP_ANALYSIS = YES;
				CLANG_WARN_STRICT_PROTOTYPES = YES;
				CLANG_WARN_SUSPICIOUS_MOVE = YES;
				CLANG_WARN_UNGUARDED_AVAILABILITY = YES_AGGRESSIVE;
				CLANG_WARN_UNREACHABLE_CODE = YES;
				CLANG_WARN__DUPLICATE_METHOD_MATCH = YES;
				COPY_PHASE_STRIP = NO;
				DEBUG_INFORMATION_FORMAT = "dwarf-with-dsym";
				ENABLE_NS_ASSERTIONS = NO;
				ENABLE_STRICT_OBJC_MSGSEND = YES;
				GCC_C_LANGUAGE_STANDARD = gnu11;
				GCC_NO_COMMON_BLOCKS = YES;
				GCC_WARN_64_TO_32_BIT_CONVERSION = YES;
				GCC_WARN_ABOUT_RETURN_TYPE = YES_ERROR;
				GCC_WARN_UNDECLARED_SELECTOR = YES;
				GCC_WARN_UNINITIALIZED_AUTOS = YES_AGGRESSIVE;
				GCC_WARN_UNUSED_FUNCTION = YES;
				GCC_WARN_UNUSED_VARIABLE = YES;
				IPHONEOS_DEPLOYMENT_TARGET = 13.0;
				MTL_ENABLE_DEBUG_INFO = NO;
				MTL_FAST_MATH = YES;
				SDKROOT = iphoneos;
				SWIFT_COMPILATION_MODE = wholemodule;
				SWIFT_OPTIMIZATION_LEVEL = "-O";
				VALIDATE_PRODUCT = YES;
			};
			name = Release;
		};
		23F80A4A25E2EE2400241206 /* Debug */ = {
			isa = XCBuildConfiguration;
			buildSettings = {
				ASSETCATALOG_COMPILER_APPICON_NAME = AppIcon;
				ASSETCATALOG_COMPILER_GLOBAL_ACCENT_COLOR_NAME = AccentColor;
				CODE_SIGN_STYLE = Automatic;
				DEVELOPMENT_TEAM = RYK6GDE7V9;
				INFOPLIST_FILE = Trendeye/Info.plist;
				LD_RUNPATH_SEARCH_PATHS = (
					"$(inherited)",
					"@executable_path/Frameworks",
				);
				PRODUCT_BUNDLE_IDENTIFIER = com.notenoughscience.Trendeye;
				PRODUCT_NAME = "$(TARGET_NAME)";
				SWIFT_VERSION = 5.0;
				TARGETED_DEVICE_FAMILY = 1;
			};
			name = Debug;
		};
		23F80A4B25E2EE2400241206 /* Release */ = {
			isa = XCBuildConfiguration;
			buildSettings = {
				ASSETCATALOG_COMPILER_APPICON_NAME = AppIcon;
				ASSETCATALOG_COMPILER_GLOBAL_ACCENT_COLOR_NAME = AccentColor;
				CODE_SIGN_STYLE = Automatic;
				DEVELOPMENT_TEAM = RYK6GDE7V9;
				INFOPLIST_FILE = Trendeye/Info.plist;
				LD_RUNPATH_SEARCH_PATHS = (
					"$(inherited)",
					"@executable_path/Frameworks",
				);
				PRODUCT_BUNDLE_IDENTIFIER = com.notenoughscience.Trendeye;
				PRODUCT_NAME = "$(TARGET_NAME)";
				SWIFT_VERSION = 5.0;
				TARGETED_DEVICE_FAMILY = 1;
			};
			name = Release;
		};
/* End XCBuildConfiguration section */

/* Begin XCConfigurationList section */
		23130D18263823CD003BEDCB /* Build configuration list for PBXNativeTarget "TrendeyeTests" */ = {
			isa = XCConfigurationList;
			buildConfigurations = (
				23130D19263823CD003BEDCB /* Debug */,
				23130D1A263823CD003BEDCB /* Release */,
			);
			defaultConfigurationIsVisible = 0;
			defaultConfigurationName = Release;
		};
		23F80A3025E2EE2100241206 /* Build configuration list for PBXProject "Trendeye" */ = {
			isa = XCConfigurationList;
			buildConfigurations = (
				23F80A4725E2EE2400241206 /* Debug */,
				23F80A4825E2EE2400241206 /* Release */,
			);
			defaultConfigurationIsVisible = 0;
			defaultConfigurationName = Release;
		};
		23F80A4925E2EE2400241206 /* Build configuration list for PBXNativeTarget "Trendeye" */ = {
			isa = XCConfigurationList;
			buildConfigurations = (
				23F80A4A25E2EE2400241206 /* Debug */,
				23F80A4B25E2EE2400241206 /* Release */,
			);
			defaultConfigurationIsVisible = 0;
			defaultConfigurationName = Release;
		};
/* End XCConfigurationList section */
	};
	rootObject = 23F80A2D25E2EE2100241206 /* Project object */;
}
